
Microsoft Visual Studio Solution File, Format Version 12.00
# Visual Studio Version 17
VisualStudioVersion = 17.14.36221.1 d17.14
MinimumVisualStudioVersion = 10.0.40219.1
Project("{FAE04EC0-301F-11D3-BF4B-00C04F79EFBC}") = "WpfAppForDiascan", "WpfAppForDiascan\WpfAppForDiascan.csproj", "{A46F50A2-28D0-4207-8181-22EC2A323DA7}"
EndProject
Global
	GlobalSection(SolutionConfigurationPlatforms) = preSolution
		Debug|Any CPU = Debug|Any CPU
		Release|Any CPU = Release|Any CPU
	EndGlobalSection
	GlobalSection(ProjectConfigurationPlatforms) = postSolution
		{A46F50A2-28D0-4207-8181-22EC2A323DA7}.Debug|Any CPU.ActiveCfg = Debug|Any CPU
		{A46F50A2-28D0-4207-8181-22EC2A323DA7}.Debug|Any CPU.Build.0 = Debug|Any CPU
		{A46F50A2-28D0-4207-8181-22EC2A323DA7}.Release|Any CPU.ActiveCfg = Release|Any CPU
		{A46F50A2-28D0-4207-8181-22EC2A323DA7}.Release|Any CPU.Build.0 = Release|Any CPU
	EndGlobalSection
	GlobalSection(SolutionProperties) = preSolution
		HideSolutionNode = FALSE
	EndGlobalSection
	GlobalSection(ExtensibilityGlobals) = postSolution
		SolutionGuid = {9E9C3E54-B874-4ED0-9030-244789BE8821}
	EndGlobalSection
EndGlobal
